
Microsoft Visual Studio Solution File, Format Version 12.00
# Visual Studio Version 16
VisualStudioVersion = 16.0.32228.343
MinimumVisualStudioVersion = 10.0.40219.1
Project("{FAE04EC0-301F-11D3-BF4B-00C04F79EFBC}") = "DatabaseLayer", "DatabaseLayer\DatabaseLayer.csproj", "{F45DA902-CE31-43E6-BDCE-C81A76E7CD09}"
EndProject
Project("{FAE04EC0-301F-11D3-BF4B-00C04F79EFBC}") = "eDoc_Point", "eDoc_Point\eDoc_Point.csproj", "{1A55122B-9981-487A-AF81-038D89C5621C}"
EndProject
Global
	GlobalSection(SolutionConfigurationPlatforms) = preSolution
		Debug|Any CPU = Debug|Any CPU
		Release|Any CPU = Release|Any CPU
	EndGlobalSection
	GlobalSection(ProjectConfigurationPlatforms) = postSolution
		{F45DA902-CE31-43E6-BDCE-C81A76E7CD09}.Debug|Any CPU.ActiveCfg = Debug|Any CPU
		{F45DA902-CE31-43E6-BDCE-C81A76E7CD09}.Debug|Any CPU.Build.0 = Debug|Any CPU
		{F45DA902-CE31-43E6-BDCE-C81A76E7CD09}.Release|Any CPU.ActiveCfg = Release|Any CPU
		{F45DA902-CE31-43E6-BDCE-C81A76E7CD09}.Release|Any CPU.Build.0 = Release|Any CPU
		{1A55122B-9981-487A-AF81-038D89C5621C}.Debug|Any CPU.ActiveCfg = Debug|Any CPU
		{1A55122B-9981-487A-AF81-038D89C5621C}.Debug|Any CPU.Build.0 = Debug|Any CPU
		{1A55122B-9981-487A-AF81-038D89C5621C}.Release|Any CPU.ActiveCfg = Release|Any CPU
		{1A55122B-9981-487A-AF81-038D89C5621C}.Release|Any CPU.Build.0 = Release|Any CPU
	EndGlobalSection
	GlobalSection(SolutionProperties) = preSolution
		HideSolutionNode = FALSE
	EndGlobalSection
	GlobalSection(ExtensibilityGlobals) = postSolution
		SolutionGuid = {0273E6E2-3162-4424-8590-68F8A3F87FB3}
	EndGlobalSection
EndGlobal
